
Microsoft Visual Studio Solution File, Format Version 12.00
# Visual Studio 15
VisualStudioVersion = 15.0.28010.2048
MinimumVisualStudioVersion = 10.0.40219.1
Project("{FAE04EC0-301F-11D3-BF4B-00C04F79EFBC}") = "TODOList.Web", "TODOList\TODOList.Web.csproj", "{3DB25DAF-A96E-43D9-B536-BE0632F74AFC}"
EndProject
Project("{FAE04EC0-301F-11D3-BF4B-00C04F79EFBC}") = "TODOList.Data", "TODOList.Data\TODOList.Data.csproj", "{9275779B-80CD-4251-B223-320CE3383E36}"
EndProject
Project("{FAE04EC0-301F-11D3-BF4B-00C04F79EFBC}") = "TODOList.Business", "TODOList.Business\TODOList.Business.csproj", "{FC867561-898B-44FE-9287-390C595FCC47}"
EndProject
Global
	GlobalSection(SolutionConfigurationPlatforms) = preSolution
		Debug|Any CPU = Debug|Any CPU
		Release|Any CPU = Release|Any CPU
	EndGlobalSection
	GlobalSection(ProjectConfigurationPlatforms) = postSolution
		{3DB25DAF-A96E-43D9-B536-BE0632F74AFC}.Debug|Any CPU.ActiveCfg = Debug|Any CPU
		{3DB25DAF-A96E-43D9-B536-BE0632F74AFC}.Debug|Any CPU.Build.0 = Debug|Any CPU
		{3DB25DAF-A96E-43D9-B536-BE0632F74AFC}.Release|Any CPU.ActiveCfg = Release|Any CPU
		{3DB25DAF-A96E-43D9-B536-BE0632F74AFC}.Release|Any CPU.Build.0 = Release|Any CPU
		{9275779B-80CD-4251-B223-320CE3383E36}.Debug|Any CPU.ActiveCfg = Debug|Any CPU
		{9275779B-80CD-4251-B223-320CE3383E36}.Debug|Any CPU.Build.0 = Debug|Any CPU
		{9275779B-80CD-4251-B223-320CE3383E36}.Release|Any CPU.ActiveCfg = Release|Any CPU
		{9275779B-80CD-4251-B223-320CE3383E36}.Release|Any CPU.Build.0 = Release|Any CPU
		{FC867561-898B-44FE-9287-390C595FCC47}.Debug|Any CPU.ActiveCfg = Debug|Any CPU
		{FC867561-898B-44FE-9287-390C595FCC47}.Debug|Any CPU.Build.0 = Debug|Any CPU
		{FC867561-898B-44FE-9287-390C595FCC47}.Release|Any CPU.ActiveCfg = Release|Any CPU
		{FC867561-898B-44FE-9287-390C595FCC47}.Release|Any CPU.Build.0 = Release|Any CPU
	EndGlobalSection
	GlobalSection(SolutionProperties) = preSolution
		HideSolutionNode = FALSE
	EndGlobalSection
	GlobalSection(ExtensibilityGlobals) = postSolution
		SolutionGuid = {187193C8-6803-4E8E-80C5-87851BC4F9EC}
	EndGlobalSection
EndGlobal
